
Microsoft Visual Studio Solution File, Format Version 12.00
# Visual Studio Version 17
VisualStudioVersion = 17.14.36401.2 d17.14
MinimumVisualStudioVersion = 10.0.40219.1
Project("{FAE04EC0-301F-11D3-BF4B-00C04F79EFBC}") = "Q1", "Q1\Q1.csproj", "{094209E9-58A9-402A-B88C-E435372F17FC}"
EndProject
Global
	GlobalSection(SolutionConfigurationPlatforms) = preSolution
		Debug|Any CPU = Debug|Any CPU
		Release|Any CPU = Release|Any CPU
	EndGlobalSection
	GlobalSection(ProjectConfigurationPlatforms) = postSolution
		{094209E9-58A9-402A-B88C-E435372F17FC}.Debug|Any CPU.ActiveCfg = Debug|Any CPU
		{094209E9-58A9-402A-B88C-E435372F17FC}.Debug|Any CPU.Build.0 = Debug|Any CPU
		{094209E9-58A9-402A-B88C-E435372F17FC}.Release|Any CPU.ActiveCfg = Release|Any CPU
		{094209E9-58A9-402A-B88C-E435372F17FC}.Release|Any CPU.Build.0 = Release|Any CPU
	EndGlobalSection
	GlobalSection(SolutionProperties) = preSolution
		HideSolutionNode = FALSE
	EndGlobalSection
	GlobalSection(ExtensibilityGlobals) = postSolution
		SolutionGuid = {1C4102CA-B874-4D40-8F3C-BF2042B69E53}
	EndGlobalSection
EndGlobal
