
Microsoft Visual Studio Solution File, Format Version 12.00
# Visual Studio Version 17
VisualStudioVersion = 17.14.36401.2 d17.14
MinimumVisualStudioVersion = 10.0.40219.1
Project("{FAE04EC0-301F-11D3-BF4B-00C04F79EFBC}") = "Q2", "Q2\Q2.csproj", "{3132FC59-982C-4A31-97D6-7BD0E5EBD969}"
EndProject
Global
	GlobalSection(SolutionConfigurationPlatforms) = preSolution
		Debug|Any CPU = Debug|Any CPU
		Release|Any CPU = Release|Any CPU
	EndGlobalSection
	GlobalSection(ProjectConfigurationPlatforms) = postSolution
		{3132FC59-982C-4A31-97D6-7BD0E5EBD969}.Debug|Any CPU.ActiveCfg = Debug|Any CPU
		{3132FC59-982C-4A31-97D6-7BD0E5EBD969}.Debug|Any CPU.Build.0 = Debug|Any CPU
		{3132FC59-982C-4A31-97D6-7BD0E5EBD969}.Release|Any CPU.ActiveCfg = Release|Any CPU
		{3132FC59-982C-4A31-97D6-7BD0E5EBD969}.Release|Any CPU.Build.0 = Release|Any CPU
	EndGlobalSection
	GlobalSection(SolutionProperties) = preSolution
		HideSolutionNode = FALSE
	EndGlobalSection
	GlobalSection(ExtensibilityGlobals) = postSolution
		SolutionGuid = {654D4FFB-D305-44EC-9E40-78F17459E5F9}
	EndGlobalSection
EndGlobal
